// !$*UTF8*$!
{
	archiveVersion = 1;
	classes = {
	};
	objectVersion = 46;
	objects = {

/* Begin PBXBuildFile section */
		03D0C0B31D269F7900EE93D5 /* AppDelegate.swift in Sources */ = {isa = PBXBuildFile; fileRef = 03D0C0B21D269F7900EE93D5 /* AppDelegate.swift */; };
		03D0C0B51D269F7900EE93D5 /* ViewController.swift in Sources */ = {isa = PBXBuildFile; fileRef = 03D0C0B41D269F7900EE93D5 /* ViewController.swift */; };
		03D0C0B81D269F7900EE93D5 /* Main.storyboard in Resources */ = {isa = PBXBuildFile; fileRef = 03D0C0B61D269F7900EE93D5 /* Main.storyboard */; };
		03D0C0BA1D269F7900EE93D5 /* Assets.xcassets in Resources */ = {isa = PBXBuildFile; fileRef = 03D0C0B91D269F7900EE93D5 /* Assets.xcassets */; };
		03D0C0BD1D269F7900EE93D5 /* LaunchScreen.storyboard in Resources */ = {isa = PBXBuildFile; fileRef = 03D0C0BB1D269F7900EE93D5 /* LaunchScreen.storyboard */; };
/* End PBXBuildFile section */

/* Begin PBXFileReference section */
		03D0C0AF1D269F7900EE93D5 /* RxTodo.app */ = {isa = PBXFileReference; explicitFileType = wrapper.application; includeInIndex = 0; path = RxTodo.app; sourceTree = BUILT_PRODUCTS_DIR; };
		03D0C0B21D269F7900EE93D5 /* AppDelegate.swift */ = {isa = PBXFileReference; lastKnownFileType = sourcecode.swift; path = AppDelegate.swift; sourceTree = "<group>"; };
		03D0C0B41D269F7900EE93D5 /* ViewController.swift */ = {isa = PBXFileReference; lastKnownFileType = sourcecode.swift; path = ViewController.swift; sourceTree = "<group>"; };
		03D0C0B71D269F7900EE93D5 /* Base */ = {isa = PBXFileReference; lastKnownFileType = file.storyboard; name = Base; path = Base.lproj/Main.storyboard; sourceTree = "<group>"; };
		03D0C0B91D269F7900EE93D5 /* Assets.xcassets */ = {isa = PBXFileReference; lastKnownFileType = folder.assetcatalog; path = Assets.xcassets; sourceTree = "<group>"; };
		03D0C0BC1D269F7900EE93D5 /* Base */ = {isa = PBXFileReference; lastKnownFileType = file.storyboard; name = Base; path = Base.lproj/LaunchScreen.storyboard; sourceTree = "<group>"; };
		03D0C0BE1D269F7900EE93D5 /* Info.plist */ = {isa = PBXFileReference; lastKnownFileType = text.plist.xml; path = Info.plist; sourceTree = "<group>"; };
/* End PBXFileReference section */

/* Begin PBXFrameworksBuildPhase section */
		03D0C0AC1D269F7900EE93D5 /* Frameworks */ = {
			isa = PBXFrameworksBuildPhase;
			buildActionMask = 2147483647;
			files = (
			);
			runOnlyForDeploymentPostprocessing = 0;
		};
/* End PBXFrameworksBuildPhase section */

/* Begin PBXGroup section */
		03D0C0A61D269F7900EE93D5 = {
			isa = PBXGroup;
			children = (
				03D0C0B11D269F7900EE93D5 /* RxTodo */,
				03D0C0B01D269F7900EE93D5 /* Products */,
			);
			sourceTree = "<group>";
		};
		03D0C0B01D269F7900EE93D5 /* Products */ = {
			isa = PBXGroup;
			children = (
				03D0C0AF1D269F7900EE93D5 /* RxTodo.app */,
			);
			name = Products;
			sourceTree = "<group>";
		};
		03D0C0B11D269F7900EE93D5 /* RxTodo */ = {
			isa = PBXGroup;
			children = (
				03D0C0B21D269F7900EE93D5 /* AppDelegate.swift */,
				03D0C0B41D269F7900EE93D5 /* ViewController.swift */,
				03D0C0B61D269F7900EE93D5 /* Main.storyboard */,
				03D0C0B91D269F7900EE93D5 /* Assets.xcassets */,
				03D0C0BB1D269F7900EE93D5 /* LaunchScreen.storyboard */,
				03D0C0BE1D269F7900EE93D5 /* Info.plist */,
			);
			path = RxTodo;
			sourceTree = "<group>";
		};
/* End PBXGroup section */

/* Begin PBXNativeTarget section */
		03D0C0AE1D269F7900EE93D5 /* RxTodo */ = {
			isa = PBXNativeTarget;
			buildConfigurationList = 03D0C0C11D269F7900EE93D5 /* Build configuration list for PBXNativeTarget "RxTodo" */;
			buildPhases = (
				03D0C0AB1D269F7900EE93D5 /* Sources */,
				03D0C0AC1D269F7900EE93D5 /* Frameworks */,
				03D0C0AD1D269F7900EE93D5 /* Resources */,
			);
			buildRules = (
			);
			dependencies = (
			);
			name = RxTodo;
			productName = RxTodo;
			productReference = 03D0C0AF1D269F7900EE93D5 /* RxTodo.app */;
			productType = "com.apple.product-type.application";
		};
/* End PBXNativeTarget section */

/* Begin PBXProject section */
		03D0C0A71D269F7900EE93D5 /* Project object */ = {
			isa = PBXProject;
			attributes = {
				LastSwiftUpdateCheck = 0730;
				LastUpgradeCheck = 0730;
				ORGANIZATIONNAME = "Suyeol Jeon";
				TargetAttributes = {
					03D0C0AE1D269F7900EE93D5 = {
						CreatedOnToolsVersion = 7.3.1;
					};
				};
			};
			buildConfigurationList = 03D0C0AA1D269F7900EE93D5 /* Build configuration list for PBXProject "RxTodo" */;
			compatibilityVersion = "Xcode 3.2";
			developmentRegion = English;
			hasScannedForEncodings = 0;
			knownRegions = (
				en,
				Base,
			);
			mainGroup = 03D0C0A61D269F7900EE93D5;
			productRefGroup = 03D0C0B01D269F7900EE93D5 /* Products */;
			projectDirPath = "";
			projectRoot = "";
			targets = (
				03D0C0AE1D269F7900EE93D5 /* RxTodo */,
			);
		};
/* End PBXProject section */

/* Begin PBXResourcesBuildPhase section */
		03D0C0AD1D269F7900EE93D5 /* Resources */ = {
			isa = PBXResourcesBuildPhase;
			buildActionMask = 2147483647;
			files = (
				03D0C0BD1D269F7900EE93D5 /* LaunchScreen.storyboard in Resources */,
				03D0C0BA1D269F7900EE93D5 /* Assets.xcassets in Resources */,
				03D0C0B81D269F7900EE93D5 /* Main.storyboard in Resources */,
			);
			runOnlyForDeploymentPostprocessing = 0;
		};
/* End PBXResourcesBuildPhase section */

/* Begin PBXSourcesBuildPhase section */
		03D0C0AB1D269F7900EE93D5 /* Sources */ = {
			isa = PBXSourcesBuildPhase;
			buildActionMask = 2147483647;
			files = (
				03D0C0B51D269F7900EE93D5 /* ViewController.swift in Sources */,
				03D0C0B31D269F7900EE93D5 /* AppDelegate.swift in Sources */,
			);
			runOnlyForDeploymentPostprocessing = 0;
		};
/* End PBXSourcesBuildPhase section */

/* Begin PBXVariantGroup section */
		03D0C0B61D269F7900EE93D5 /* Main.storyboard */ = {
			isa = PBXVariantGroup;
			children = (
				03D0C0B71D269F7900EE93D5 /* Base */,
			);
			name = Main.storyboard;
			sourceTree = "<group>";
		};
		03D0C0BB1D269F7900EE93D5 /* LaunchScreen.storyboard */ = {
			isa = PBXVariantGroup;
			children = (
				03D0C0BC1D269F7900EE93D5 /* Base */,
			);
			name = LaunchScreen.storyboard;
			sourceTree = "<group>";
		};
/* End PBXVariantGroup section */

/* Begin XCBuildConfiguration section */
		03D0C0BF1D269F7900EE93D5 /* Debug */ = {
			isa = XCBuildConfiguration;
			buildSettings = {
				ALWAYS_SEARCH_USER_PATHS = NO;
				CLANG_ANALYZER_NONNULL = YES;
				CLANG_CXX_LANGUAGE_STANDARD = "gnu++0x";
				CLANG_CXX_LIBRARY = "libc++";
				CLANG_ENABLE_MODULES = YES;
				CLANG_ENABLE_OBJC_ARC = YES;
				CLANG_WARN_BOOL_CONVERSION = YES;
				CLANG_WARN_CONSTANT_CONVERSION = YES;
				CLANG_WARN_DIRECT_OBJC_ISA_USAGE = YES_ERROR;
				CLANG_WARN_EMPTY_BODY = YES;
				CLANG_WARN_ENUM_CONVERSION = YES;
				CLANG_WARN_INT_CONVERSION = YES;
				CLANG_WARN_OBJC_ROOT_CLASS = YES_ERROR;
				CLANG_WARN_UNREACHABLE_CODE = YES;
				CLANG_WARN__DUPLICATE_METHOD_MATCH = YES;
				"CODE_SIGN_IDENTITY[sdk=iphoneos*]" = "iPhone Developer";
				COPY_PHASE_STRIP = NO;
				DEBUG_INFORMATION_FORMAT = dwarf;
				ENABLE_STRICT_OBJC_MSGSEND = YES;
				ENABLE_TESTABILITY = YES;
				GCC_C_LANGUAGE_STANDARD = gnu99;
				GCC_DYNAMIC_NO_PIC = NO;
				GCC_NO_COMMON_BLOCKS = YES;
				GCC_OPTIMIZATION_LEVEL = 0;
				GCC_PREPROCESSOR_DEFINITIONS = (
					"DEBUG=1",
					"$(inherited)",
				);
				GCC_WARN_64_TO_32_BIT_CONVERSION = YES;
				GCC_WARN_ABOUT_RETURN_TYPE = YES_ERROR;
				GCC_WARN_UNDECLARED_SELECTOR = YES;
				GCC_WARN_UNINITIALIZED_AUTOS = YES_AGGRESSIVE;
				GCC_WARN_UNUSED_FUNCTION = YES;
				GCC_WARN_UNUSED_VARIABLE = YES;
				IPHONEOS_DEPLOYMENT_TARGET = 9.3;
				MTL_ENABLE_DEBUG_INFO = YES;
				ONLY_ACTIVE_ARCH = YES;
				SDKROOT = iphoneos;
				SWIFT_OPTIMIZATION_LEVEL = "-Onone";
			};
			name = Debug;
		};
		03D0C0C01D269F7900EE93D5 /* Release */ = {
			isa = XCBuildConfiguration;
			buildSettings = {
				ALWAYS_SEARCH_USER_PATHS = NO;
				CLANG_ANALYZER_NONNULL = YES;
				CLANG_CXX_LANGUAGE_STANDARD = "gnu++0x";
				CLANG_CXX_LIBRARY = "libc++";
				CLANG_ENABLE_MODULES = YES;
				CLANG_ENABLE_OBJC_ARC = YES;
				CLANG_WARN_BOOL_CONVERSION = YES;
				CLANG_WARN_CONSTANT_CONVERSION = YES;
				CLANG_WARN_DIRECT_OBJC_ISA_USAGE = YES_ERROR;
				CLANG_WARN_EMPTY_BODY = YES;
				CLANG_WARN_ENUM_CONVERSION = YES;
				CLANG_WARN_INT_CONVERSION = YES;
				CLANG_WARN_OBJC_ROOT_CLASS = YES_ERROR;
				CLANG_WARN_UNREACHABLE_CODE = YES;
				CLANG_WARN__DUPLICATE_METHOD_MATCH = YES;
				"CODE_SIGN_IDENTITY[sdk=iphoneos*]" = "iPhone Developer";
				COPY_PHASE_STRIP = NO;
				DEBUG_INFORMATION_FORMAT = "dwarf-with-dsym";
				ENABLE_NS_ASSERTIONS = NO;
				ENABLE_STRICT_OBJC_MSGSEND = YES;
				GCC_C_LANGUAGE_STANDARD = gnu99;
				GCC_NO_COMMON_BLOCKS = YES;
				GCC_WARN_64_TO_32_BIT_CONVERSION = YES;
				GCC_WARN_ABOUT_RETURN_TYPE = YES_ERROR;
				GCC_WARN_UNDECLARED_SELECTOR = YES;
				GCC_WARN_UNINITIALIZED_AUTOS = YES_AGGRESSIVE;
				GCC_WARN_UNUSED_FUNCTION = YES;
				GCC_WARN_UNUSED_VARIABLE = YES;
				IPHONEOS_DEPLOYMENT_TARGET = 9.3;
				MTL_ENABLE_DEBUG_INFO = NO;
				SDKROOT = iphoneos;
				VALIDATE_PRODUCT = YES;
			};
			name = Release;
		};
		03D0C0C21D269F7900EE93D5 /* Debug */ = {
			isa = XCBuildConfiguration;
			buildSettings = {
				ASSETCATALOG_COMPILER_APPICON_NAME = AppIcon;
				INFOPLIST_FILE = RxTodo/Info.plist;
				LD_RUNPATH_SEARCH_PATHS = "$(inherited) @executable_path/Frameworks";
				PRODUCT_BUNDLE_IDENTIFIER = kr.xoul.RxTodo;
				PRODUCT_NAME = "$(TARGET_NAME)";
			};
			name = Debug;
		};
		03D0C0C31D269F7900EE93D5 /* Release */ = {
			isa = XCBuildConfiguration;
			buildSettings = {
				ASSETCATALOG_COMPILER_APPICON_NAME = AppIcon;
				INFOPLIST_FILE = RxTodo/Info.plist;
				LD_RUNPATH_SEARCH_PATHS = "$(inherited) @executable_path/Frameworks";
				PRODUCT_BUNDLE_IDENTIFIER = kr.xoul.RxTodo;
				PRODUCT_NAME = "$(TARGET_NAME)";
			};
			name = Release;
		};
/* End XCBuildConfiguration section */

/* Begin XCConfigurationList section */
		03D0C0AA1D269F7900EE93D5 /* Build configuration list for PBXProject "RxTodo" */ = {
			isa = XCConfigurationList;
			buildConfigurations = (
				03D0C0BF1D269F7900EE93D5 /* Debug */,
				03D0C0C01D269F7900EE93D5 /* Release */,
			);
			defaultConfigurationIsVisible = 0;
			defaultConfigurationName = Release;
		};
		03D0C0C11D269F7900EE93D5 /* Build configuration list for PBXNativeTarget "RxTodo" */ = {
			isa = XCConfigurationList;
			buildConfigurations = (
				03D0C0C21D269F7900EE93D5 /* Debug */,
				03D0C0C31D269F7900EE93D5 /* Release */,
			);
			defaultConfigurationIsVisible = 0;
		};
/* End XCConfigurationList section */
	};
	rootObject = 03D0C0A71D269F7900EE93D5 /* Project object */;
}
