// !$*UTF8*$!
{
	archiveVersion = 1;
	classes = {
	};
	objectVersion = 46;
	objects = {

/* Begin PBXBuildFile section */
		03D0C0CC1D26A13E00EE93D5 /* AppDelegate.swift in Sources */ = {isa = PBXBuildFile; fileRef = 03D0C0C51D26A13E00EE93D5 /* AppDelegate.swift */; };
		03D0C0CD1D26A13E00EE93D5 /* TaskListViewController.swift in Sources */ = {isa = PBXBuildFile; fileRef = 03D0C0C81D26A13E00EE93D5 /* TaskListViewController.swift */; };
		03D0C0D51D26A18900EE93D5 /* Assets.xcassets in Resources */ = {isa = PBXBuildFile; fileRef = 03D0C0D21D26A18900EE93D5 /* Assets.xcassets */; };
		03D0C0D61D26A18900EE93D5 /* LaunchScreen.storyboard in Resources */ = {isa = PBXBuildFile; fileRef = 03D0C0D31D26A18900EE93D5 /* LaunchScreen.storyboard */; };
		03D0C0E01D26ABD600EE93D5 /* TaskCell.swift in Sources */ = {isa = PBXBuildFile; fileRef = 03D0C0DF1D26ABD600EE93D5 /* TaskCell.swift */; };
		03D0C0E21D26ABDC00EE93D5 /* BaseTableViewCell.swift in Sources */ = {isa = PBXBuildFile; fileRef = 03D0C0E11D26ABDC00EE93D5 /* BaseTableViewCell.swift */; };
		03D0C0E41D26AC0100EE93D5 /* BaseViewController.swift in Sources */ = {isa = PBXBuildFile; fileRef = 03D0C0E31D26AC0100EE93D5 /* BaseViewController.swift */; };
		03D0C0E61D26AC4500EE93D5 /* TaskListViewModel.swift in Sources */ = {isa = PBXBuildFile; fileRef = 03D0C0E51D26AC4500EE93D5 /* TaskListViewModel.swift */; };
		03D0C0E81D26AC7600EE93D5 /* Task.swift in Sources */ = {isa = PBXBuildFile; fileRef = 03D0C0E71D26AC7600EE93D5 /* Task.swift */; };
		03D0C0EA1D26AD2800EE93D5 /* TaskCellModel.swift in Sources */ = {isa = PBXBuildFile; fileRef = 03D0C0E91D26AD2800EE93D5 /* TaskCellModel.swift */; };
		03D0C0ED1D26AE7800EE93D5 /* ModelService.swift in Sources */ = {isa = PBXBuildFile; fileRef = 03D0C0EC1D26AE7800EE93D5 /* ModelService.swift */; };
		03D0C0EF1D26AEC700EE93D5 /* ModelType.swift in Sources */ = {isa = PBXBuildFile; fileRef = 03D0C0EE1D26AEC700EE93D5 /* ModelType.swift */; };
		03D0C0F21D26C4D900EE93D5 /* String+BoundingRect.swift in Sources */ = {isa = PBXBuildFile; fileRef = 03D0C0F11D26C4D900EE93D5 /* String+BoundingRect.swift */; };
		03D0C0F41D26C50100EE93D5 /* Snap.swift in Sources */ = {isa = PBXBuildFile; fileRef = 03D0C0F31D26C50100EE93D5 /* Snap.swift */; };
		CA6F353212995D79BCDA15F1 /* Pods_RxTodo.framework in Frameworks */ = {isa = PBXBuildFile; fileRef = 66729F8998AAC640ED07D74B /* Pods_RxTodo.framework */; };
/* End PBXBuildFile section */

/* Begin PBXFileReference section */
		03D0C0AF1D269F7900EE93D5 /* RxTodo.app */ = {isa = PBXFileReference; explicitFileType = wrapper.application; includeInIndex = 0; path = RxTodo.app; sourceTree = BUILT_PRODUCTS_DIR; };
		03D0C0C51D26A13E00EE93D5 /* AppDelegate.swift */ = {isa = PBXFileReference; fileEncoding = 4; lastKnownFileType = sourcecode.swift; path = AppDelegate.swift; sourceTree = "<group>"; };
		03D0C0C81D26A13E00EE93D5 /* TaskListViewController.swift */ = {isa = PBXFileReference; fileEncoding = 4; lastKnownFileType = sourcecode.swift; path = TaskListViewController.swift; sourceTree = "<group>"; };
		03D0C0CB1D26A13E00EE93D5 /* Info.plist */ = {isa = PBXFileReference; fileEncoding = 4; lastKnownFileType = text.plist.xml; path = Info.plist; sourceTree = "<group>"; };
		03D0C0D21D26A18900EE93D5 /* Assets.xcassets */ = {isa = PBXFileReference; lastKnownFileType = folder.assetcatalog; path = Assets.xcassets; sourceTree = "<group>"; };
		03D0C0D41D26A18900EE93D5 /* Base */ = {isa = PBXFileReference; lastKnownFileType = file.storyboard; name = Base; path = Base.lproj/LaunchScreen.storyboard; sourceTree = "<group>"; };
		03D0C0DF1D26ABD600EE93D5 /* TaskCell.swift */ = {isa = PBXFileReference; fileEncoding = 4; lastKnownFileType = sourcecode.swift; path = TaskCell.swift; sourceTree = "<group>"; };
		03D0C0E11D26ABDC00EE93D5 /* BaseTableViewCell.swift */ = {isa = PBXFileReference; fileEncoding = 4; lastKnownFileType = sourcecode.swift; path = BaseTableViewCell.swift; sourceTree = "<group>"; };
		03D0C0E31D26AC0100EE93D5 /* BaseViewController.swift */ = {isa = PBXFileReference; fileEncoding = 4; lastKnownFileType = sourcecode.swift; path = BaseViewController.swift; sourceTree = "<group>"; };
		03D0C0E51D26AC4500EE93D5 /* TaskListViewModel.swift */ = {isa = PBXFileReference; fileEncoding = 4; lastKnownFileType = sourcecode.swift; path = TaskListViewModel.swift; sourceTree = "<group>"; };
		03D0C0E71D26AC7600EE93D5 /* Task.swift */ = {isa = PBXFileReference; fileEncoding = 4; lastKnownFileType = sourcecode.swift; path = Task.swift; sourceTree = "<group>"; };
		03D0C0E91D26AD2800EE93D5 /* TaskCellModel.swift */ = {isa = PBXFileReference; fileEncoding = 4; lastKnownFileType = sourcecode.swift; path = TaskCellModel.swift; sourceTree = "<group>"; };
		03D0C0EC1D26AE7800EE93D5 /* ModelService.swift */ = {isa = PBXFileReference; fileEncoding = 4; lastKnownFileType = sourcecode.swift; path = ModelService.swift; sourceTree = "<group>"; };
		03D0C0EE1D26AEC700EE93D5 /* ModelType.swift */ = {isa = PBXFileReference; fileEncoding = 4; lastKnownFileType = sourcecode.swift; path = ModelType.swift; sourceTree = "<group>"; };
		03D0C0F11D26C4D900EE93D5 /* String+BoundingRect.swift */ = {isa = PBXFileReference; fileEncoding = 4; lastKnownFileType = sourcecode.swift; path = "String+BoundingRect.swift"; sourceTree = "<group>"; };
		03D0C0F31D26C50100EE93D5 /* Snap.swift */ = {isa = PBXFileReference; fileEncoding = 4; lastKnownFileType = sourcecode.swift; path = Snap.swift; sourceTree = "<group>"; };
		2C8D148321B73000A720563F /* Pods-RxTodo.release.xcconfig */ = {isa = PBXFileReference; includeInIndex = 1; lastKnownFileType = text.xcconfig; name = "Pods-RxTodo.release.xcconfig"; path = "Pods/Target Support Files/Pods-RxTodo/Pods-RxTodo.release.xcconfig"; sourceTree = "<group>"; };
		66729F8998AAC640ED07D74B /* Pods_RxTodo.framework */ = {isa = PBXFileReference; explicitFileType = wrapper.framework; includeInIndex = 0; path = Pods_RxTodo.framework; sourceTree = BUILT_PRODUCTS_DIR; };
		92FD2F879471E3FA186E82B7 /* Pods-RxTodo.debug.xcconfig */ = {isa = PBXFileReference; includeInIndex = 1; lastKnownFileType = text.xcconfig; name = "Pods-RxTodo.debug.xcconfig"; path = "Pods/Target Support Files/Pods-RxTodo/Pods-RxTodo.debug.xcconfig"; sourceTree = "<group>"; };
/* End PBXFileReference section */

/* Begin PBXFrameworksBuildPhase section */
		03D0C0AC1D269F7900EE93D5 /* Frameworks */ = {
			isa = PBXFrameworksBuildPhase;
			buildActionMask = 2147483647;
			files = (
				CA6F353212995D79BCDA15F1 /* Pods_RxTodo.framework in Frameworks */,
			);
			runOnlyForDeploymentPostprocessing = 0;
		};
/* End PBXFrameworksBuildPhase section */

/* Begin PBXGroup section */
		03D0C0A61D269F7900EE93D5 = {
			isa = PBXGroup;
			children = (
				03D0C0B11D269F7900EE93D5 /* RxTodo */,
				03D0C0B01D269F7900EE93D5 /* Products */,
				D77F592D681888F88BACC3EE /* Pods */,
				6F6FD19C9F52229B712AC402 /* Frameworks */,
			);
			sourceTree = "<group>";
		};
		03D0C0B01D269F7900EE93D5 /* Products */ = {
			isa = PBXGroup;
			children = (
				03D0C0AF1D269F7900EE93D5 /* RxTodo.app */,
			);
			name = Products;
			sourceTree = "<group>";
		};
		03D0C0B11D269F7900EE93D5 /* RxTodo */ = {
			isa = PBXGroup;
			children = (
				03D0C0C41D26A13E00EE93D5 /* Sources */,
				03D0C0CA1D26A13E00EE93D5 /* Support */,
				03D0C0D11D26A18900EE93D5 /* Resources */,
			);
			path = RxTodo;
			sourceTree = "<group>";
		};
		03D0C0C41D26A13E00EE93D5 /* Sources */ = {
			isa = PBXGroup;
			children = (
				03D0C0C51D26A13E00EE93D5 /* AppDelegate.swift */,
				03D0C0EB1D26AE7300EE93D5 /* Services */,
				03D0C0C61D26A13E00EE93D5 /* Models */,
				03D0C0C71D26A13E00EE93D5 /* ViewControllers */,
				03D0C0C91D26A13E00EE93D5 /* Views */,
				03D0C0F01D26C4D900EE93D5 /* Utils */,
			);
			path = Sources;
			sourceTree = "<group>";
		};
		03D0C0C61D26A13E00EE93D5 /* Models */ = {
			isa = PBXGroup;
			children = (
				03D0C0EE1D26AEC700EE93D5 /* ModelType.swift */,
				03D0C0E71D26AC7600EE93D5 /* Task.swift */,
			);
			path = Models;
			sourceTree = "<group>";
		};
		03D0C0C71D26A13E00EE93D5 /* ViewControllers */ = {
			isa = PBXGroup;
			children = (
				03D0C0E31D26AC0100EE93D5 /* BaseViewController.swift */,
				03D0C0C81D26A13E00EE93D5 /* TaskListViewController.swift */,
				03D0C0E51D26AC4500EE93D5 /* TaskListViewModel.swift */,
			);
			path = ViewControllers;
			sourceTree = "<group>";
		};
		03D0C0C91D26A13E00EE93D5 /* Views */ = {
			isa = PBXGroup;
			children = (
				03D0C0E11D26ABDC00EE93D5 /* BaseTableViewCell.swift */,
				03D0C0DF1D26ABD600EE93D5 /* TaskCell.swift */,
				03D0C0E91D26AD2800EE93D5 /* TaskCellModel.swift */,
			);
			path = Views;
			sourceTree = "<group>";
		};
		03D0C0CA1D26A13E00EE93D5 /* Support */ = {
			isa = PBXGroup;
			children = (
				03D0C0CB1D26A13E00EE93D5 /* Info.plist */,
			);
			path = Support;
			sourceTree = "<group>";
		};
		03D0C0D11D26A18900EE93D5 /* Resources */ = {
			isa = PBXGroup;
			children = (
				03D0C0D21D26A18900EE93D5 /* Assets.xcassets */,
				03D0C0D31D26A18900EE93D5 /* LaunchScreen.storyboard */,
			);
			path = Resources;
			sourceTree = "<group>";
		};
		03D0C0EB1D26AE7300EE93D5 /* Services */ = {
			isa = PBXGroup;
			children = (
				03D0C0EC1D26AE7800EE93D5 /* ModelService.swift */,
			);
			path = Services;
			sourceTree = "<group>";
		};
		03D0C0F01D26C4D900EE93D5 /* Utils */ = {
			isa = PBXGroup;
			children = (
				03D0C0F31D26C50100EE93D5 /* Snap.swift */,
				03D0C0F11D26C4D900EE93D5 /* String+BoundingRect.swift */,
			);
			path = Utils;
			sourceTree = "<group>";
		};
		6F6FD19C9F52229B712AC402 /* Frameworks */ = {
			isa = PBXGroup;
			children = (
				66729F8998AAC640ED07D74B /* Pods_RxTodo.framework */,
			);
			name = Frameworks;
			sourceTree = "<group>";
		};
		D77F592D681888F88BACC3EE /* Pods */ = {
			isa = PBXGroup;
			children = (
				92FD2F879471E3FA186E82B7 /* Pods-RxTodo.debug.xcconfig */,
				2C8D148321B73000A720563F /* Pods-RxTodo.release.xcconfig */,
			);
			name = Pods;
			sourceTree = "<group>";
		};
/* End PBXGroup section */

/* Begin PBXNativeTarget section */
		03D0C0AE1D269F7900EE93D5 /* RxTodo */ = {
			isa = PBXNativeTarget;
			buildConfigurationList = 03D0C0C11D269F7900EE93D5 /* Build configuration list for PBXNativeTarget "RxTodo" */;
			buildPhases = (
				482896FB1C66C24E38671597 /* [CP] Check Pods Manifest.lock */,
				03D0C0AB1D269F7900EE93D5 /* Sources */,
				03D0C0AC1D269F7900EE93D5 /* Frameworks */,
				03D0C0AD1D269F7900EE93D5 /* Resources */,
				16A49912920A8AFC0349795A /* [CP] Embed Pods Frameworks */,
				31A209DD0824AABD60D3B10C /* [CP] Copy Pods Resources */,
			);
			buildRules = (
			);
			dependencies = (
			);
			name = RxTodo;
			productName = RxTodo;
			productReference = 03D0C0AF1D269F7900EE93D5 /* RxTodo.app */;
			productType = "com.apple.product-type.application";
		};
/* End PBXNativeTarget section */

/* Begin PBXProject section */
		03D0C0A71D269F7900EE93D5 /* Project object */ = {
			isa = PBXProject;
			attributes = {
				LastSwiftUpdateCheck = 0730;
				LastUpgradeCheck = 0730;
				ORGANIZATIONNAME = "Suyeol Jeon";
				TargetAttributes = {
					03D0C0AE1D269F7900EE93D5 = {
						CreatedOnToolsVersion = 7.3.1;
					};
				};
			};
			buildConfigurationList = 03D0C0AA1D269F7900EE93D5 /* Build configuration list for PBXProject "RxTodo" */;
			compatibilityVersion = "Xcode 3.2";
			developmentRegion = English;
			hasScannedForEncodings = 0;
			knownRegions = (
				en,
				Base,
			);
			mainGroup = 03D0C0A61D269F7900EE93D5;
			productRefGroup = 03D0C0B01D269F7900EE93D5 /* Products */;
			projectDirPath = "";
			projectRoot = "";
			targets = (
				03D0C0AE1D269F7900EE93D5 /* RxTodo */,
			);
		};
/* End PBXProject section */

/* Begin PBXResourcesBuildPhase section */
		03D0C0AD1D269F7900EE93D5 /* Resources */ = {
			isa = PBXResourcesBuildPhase;
			buildActionMask = 2147483647;
			files = (
				03D0C0D61D26A18900EE93D5 /* LaunchScreen.storyboard in Resources */,
				03D0C0D51D26A18900EE93D5 /* Assets.xcassets in Resources */,
			);
			runOnlyForDeploymentPostprocessing = 0;
		};
/* End PBXResourcesBuildPhase section */

/* Begin PBXShellScriptBuildPhase section */
		16A49912920A8AFC0349795A /* [CP] Embed Pods Frameworks */ = {
			isa = PBXShellScriptBuildPhase;
			buildActionMask = 2147483647;
			files = (
			);
			inputPaths = (
			);
			name = "[CP] Embed Pods Frameworks";
			outputPaths = (
			);
			runOnlyForDeploymentPostprocessing = 0;
			shellPath = /bin/sh;
			shellScript = "\"${SRCROOT}/Pods/Target Support Files/Pods-RxTodo/Pods-RxTodo-frameworks.sh\"\n";
			showEnvVarsInLog = 0;
		};
		31A209DD0824AABD60D3B10C /* [CP] Copy Pods Resources */ = {
			isa = PBXShellScriptBuildPhase;
			buildActionMask = 2147483647;
			files = (
			);
			inputPaths = (
			);
			name = "[CP] Copy Pods Resources";
			outputPaths = (
			);
			runOnlyForDeploymentPostprocessing = 0;
			shellPath = /bin/sh;
			shellScript = "\"${SRCROOT}/Pods/Target Support Files/Pods-RxTodo/Pods-RxTodo-resources.sh\"\n";
			showEnvVarsInLog = 0;
		};
		482896FB1C66C24E38671597 /* [CP] Check Pods Manifest.lock */ = {
			isa = PBXShellScriptBuildPhase;
			buildActionMask = 2147483647;
			files = (
			);
			inputPaths = (
			);
			name = "[CP] Check Pods Manifest.lock";
			outputPaths = (
			);
			runOnlyForDeploymentPostprocessing = 0;
			shellPath = /bin/sh;
			shellScript = "diff \"${PODS_ROOT}/../Podfile.lock\" \"${PODS_ROOT}/Manifest.lock\" > /dev/null\nif [[ $? != 0 ]] ; then\n    cat << EOM\nerror: The sandbox is not in sync with the Podfile.lock. Run 'pod install' or update your CocoaPods installation.\nEOM\n    exit 1\nfi\n";
			showEnvVarsInLog = 0;
		};
/* End PBXShellScriptBuildPhase section */

/* Begin PBXSourcesBuildPhase section */
		03D0C0AB1D269F7900EE93D5 /* Sources */ = {
			isa = PBXSourcesBuildPhase;
			buildActionMask = 2147483647;
			files = (
				03D0C0E41D26AC0100EE93D5 /* BaseViewController.swift in Sources */,
				03D0C0EF1D26AEC700EE93D5 /* ModelType.swift in Sources */,
				03D0C0E21D26ABDC00EE93D5 /* BaseTableViewCell.swift in Sources */,
				03D0C0F21D26C4D900EE93D5 /* String+BoundingRect.swift in Sources */,
				03D0C0F41D26C50100EE93D5 /* Snap.swift in Sources */,
				03D0C0EA1D26AD2800EE93D5 /* TaskCellModel.swift in Sources */,
				03D0C0CD1D26A13E00EE93D5 /* TaskListViewController.swift in Sources */,
				03D0C0ED1D26AE7800EE93D5 /* ModelService.swift in Sources */,
				03D0C0E01D26ABD600EE93D5 /* TaskCell.swift in Sources */,
				03D0C0CC1D26A13E00EE93D5 /* AppDelegate.swift in Sources */,
				03D0C0E81D26AC7600EE93D5 /* Task.swift in Sources */,
				03D0C0E61D26AC4500EE93D5 /* TaskListViewModel.swift in Sources */,
			);
			runOnlyForDeploymentPostprocessing = 0;
		};
/* End PBXSourcesBuildPhase section */

/* Begin PBXVariantGroup section */
		03D0C0D31D26A18900EE93D5 /* LaunchScreen.storyboard */ = {
			isa = PBXVariantGroup;
			children = (
				03D0C0D41D26A18900EE93D5 /* Base */,
			);
			name = LaunchScreen.storyboard;
			sourceTree = "<group>";
		};
/* End PBXVariantGroup section */

/* Begin XCBuildConfiguration section */
		03D0C0BF1D269F7900EE93D5 /* Debug */ = {
			isa = XCBuildConfiguration;
			buildSettings = {
				ALWAYS_SEARCH_USER_PATHS = NO;
				CLANG_ANALYZER_NONNULL = YES;
				CLANG_CXX_LANGUAGE_STANDARD = "gnu++0x";
				CLANG_CXX_LIBRARY = "libc++";
				CLANG_ENABLE_MODULES = YES;
				CLANG_ENABLE_OBJC_ARC = YES;
				CLANG_WARN_BOOL_CONVERSION = YES;
				CLANG_WARN_CONSTANT_CONVERSION = YES;
				CLANG_WARN_DIRECT_OBJC_ISA_USAGE = YES_ERROR;
				CLANG_WARN_EMPTY_BODY = YES;
				CLANG_WARN_ENUM_CONVERSION = YES;
				CLANG_WARN_INT_CONVERSION = YES;
				CLANG_WARN_OBJC_ROOT_CLASS = YES_ERROR;
				CLANG_WARN_UNREACHABLE_CODE = YES;
				CLANG_WARN__DUPLICATE_METHOD_MATCH = YES;
				"CODE_SIGN_IDENTITY[sdk=iphoneos*]" = "iPhone Developer";
				COPY_PHASE_STRIP = NO;
				DEBUG_INFORMATION_FORMAT = dwarf;
				ENABLE_STRICT_OBJC_MSGSEND = YES;
				ENABLE_TESTABILITY = YES;
				GCC_C_LANGUAGE_STANDARD = gnu99;
				GCC_DYNAMIC_NO_PIC = NO;
				GCC_NO_COMMON_BLOCKS = YES;
				GCC_OPTIMIZATION_LEVEL = 0;
				GCC_PREPROCESSOR_DEFINITIONS = (
					"DEBUG=1",
					"$(inherited)",
				);
				GCC_WARN_64_TO_32_BIT_CONVERSION = YES;
				GCC_WARN_ABOUT_RETURN_TYPE = YES_ERROR;
				GCC_WARN_UNDECLARED_SELECTOR = YES;
				GCC_WARN_UNINITIALIZED_AUTOS = YES_AGGRESSIVE;
				GCC_WARN_UNUSED_FUNCTION = YES;
				GCC_WARN_UNUSED_VARIABLE = YES;
				IPHONEOS_DEPLOYMENT_TARGET = 8.0;
				MTL_ENABLE_DEBUG_INFO = YES;
				ONLY_ACTIVE_ARCH = YES;
				SDKROOT = iphoneos;
				SWIFT_OPTIMIZATION_LEVEL = "-Onone";
			};
			name = Debug;
		};
		03D0C0C01D269F7900EE93D5 /* Release */ = {
			isa = XCBuildConfiguration;
			buildSettings = {
				ALWAYS_SEARCH_USER_PATHS = NO;
				CLANG_ANALYZER_NONNULL = YES;
				CLANG_CXX_LANGUAGE_STANDARD = "gnu++0x";
				CLANG_CXX_LIBRARY = "libc++";
				CLANG_ENABLE_MODULES = YES;
				CLANG_ENABLE_OBJC_ARC = YES;
				CLANG_WARN_BOOL_CONVERSION = YES;
				CLANG_WARN_CONSTANT_CONVERSION = YES;
				CLANG_WARN_DIRECT_OBJC_ISA_USAGE = YES_ERROR;
				CLANG_WARN_EMPTY_BODY = YES;
				CLANG_WARN_ENUM_CONVERSION = YES;
				CLANG_WARN_INT_CONVERSION = YES;
				CLANG_WARN_OBJC_ROOT_CLASS = YES_ERROR;
				CLANG_WARN_UNREACHABLE_CODE = YES;
				CLANG_WARN__DUPLICATE_METHOD_MATCH = YES;
				"CODE_SIGN_IDENTITY[sdk=iphoneos*]" = "iPhone Developer";
				COPY_PHASE_STRIP = NO;
				DEBUG_INFORMATION_FORMAT = "dwarf-with-dsym";
				ENABLE_NS_ASSERTIONS = NO;
				ENABLE_STRICT_OBJC_MSGSEND = YES;
				GCC_C_LANGUAGE_STANDARD = gnu99;
				GCC_NO_COMMON_BLOCKS = YES;
				GCC_WARN_64_TO_32_BIT_CONVERSION = YES;
				GCC_WARN_ABOUT_RETURN_TYPE = YES_ERROR;
				GCC_WARN_UNDECLARED_SELECTOR = YES;
				GCC_WARN_UNINITIALIZED_AUTOS = YES_AGGRESSIVE;
				GCC_WARN_UNUSED_FUNCTION = YES;
				GCC_WARN_UNUSED_VARIABLE = YES;
				IPHONEOS_DEPLOYMENT_TARGET = 8.0;
				MTL_ENABLE_DEBUG_INFO = NO;
				SDKROOT = iphoneos;
				VALIDATE_PRODUCT = YES;
			};
			name = Release;
		};
		03D0C0C21D269F7900EE93D5 /* Debug */ = {
			isa = XCBuildConfiguration;
			baseConfigurationReference = 92FD2F879471E3FA186E82B7 /* Pods-RxTodo.debug.xcconfig */;
			buildSettings = {
				ASSETCATALOG_COMPILER_APPICON_NAME = AppIcon;
				INFOPLIST_FILE = "$(SRCROOT)/RxTodo/Support/Info.plist";
				LD_RUNPATH_SEARCH_PATHS = "$(inherited) @executable_path/Frameworks";
				PRODUCT_BUNDLE_IDENTIFIER = kr.xoul.RxTodo;
				PRODUCT_NAME = "$(TARGET_NAME)";
			};
			name = Debug;
		};
		03D0C0C31D269F7900EE93D5 /* Release */ = {
			isa = XCBuildConfiguration;
			baseConfigurationReference = 2C8D148321B73000A720563F /* Pods-RxTodo.release.xcconfig */;
			buildSettings = {
				ASSETCATALOG_COMPILER_APPICON_NAME = AppIcon;
				INFOPLIST_FILE = "$(SRCROOT)/RxTodo/Support/Info.plist";
				LD_RUNPATH_SEARCH_PATHS = "$(inherited) @executable_path/Frameworks";
				PRODUCT_BUNDLE_IDENTIFIER = kr.xoul.RxTodo;
				PRODUCT_NAME = "$(TARGET_NAME)";
			};
			name = Release;
		};
/* End XCBuildConfiguration section */

/* Begin XCConfigurationList section */
		03D0C0AA1D269F7900EE93D5 /* Build configuration list for PBXProject "RxTodo" */ = {
			isa = XCConfigurationList;
			buildConfigurations = (
				03D0C0BF1D269F7900EE93D5 /* Debug */,
				03D0C0C01D269F7900EE93D5 /* Release */,
			);
			defaultConfigurationIsVisible = 0;
			defaultConfigurationName = Release;
		};
		03D0C0C11D269F7900EE93D5 /* Build configuration list for PBXNativeTarget "RxTodo" */ = {
			isa = XCConfigurationList;
			buildConfigurations = (
				03D0C0C21D269F7900EE93D5 /* Debug */,
				03D0C0C31D269F7900EE93D5 /* Release */,
			);
			defaultConfigurationIsVisible = 0;
			defaultConfigurationName = Release;
		};
/* End XCConfigurationList section */
	};
	rootObject = 03D0C0A71D269F7900EE93D5 /* Project object */;
}
